
Microsoft Visual Studio Solution File, Format Version 12.00
# Visual Studio Version 17
VisualStudioVersion = 17.0.32126.317
MinimumVisualStudioVersion = 10.0.40219.1
Project("{8BC9CEB8-8B4A-11D0-8D11-00A0C91BC942}") = "cpp3-8", "cpp3-8.vcxproj", "{B603FB6A-B4AD-4457-ADB7-5A770A01A18A}"
EndProject
Global
	GlobalSection(SolutionConfigurationPlatforms) = preSolution
		Debug|x64 = Debug|x64
		Debug|x86 = Debug|x86
		Release|x64 = Release|x64
		Release|x86 = Release|x86
	EndGlobalSection
	GlobalSection(ProjectConfigurationPlatforms) = postSolution
		{B603FB6A-B4AD-4457-ADB7-5A770A01A18A}.Debug|x64.ActiveCfg = Debug|x64
		{B603FB6A-B4AD-4457-ADB7-5A770A01A18A}.Debug|x64.Build.0 = Debug|x64
		{B603FB6A-B4AD-4457-ADB7-5A770A01A18A}.Debug|x86.ActiveCfg = Debug|Win32
		{B603FB6A-B4AD-4457-ADB7-5A770A01A18A}.Debug|x86.Build.0 = Debug|Win32
		{B603FB6A-B4AD-4457-ADB7-5A770A01A18A}.Release|x64.ActiveCfg = Release|x64
		{B603FB6A-B4AD-4457-ADB7-5A770A01A18A}.Release|x64.Build.0 = Release|x64
		{B603FB6A-B4AD-4457-ADB7-5A770A01A18A}.Release|x86.ActiveCfg = Release|Win32
		{B603FB6A-B4AD-4457-ADB7-5A770A01A18A}.Release|x86.Build.0 = Release|Win32
	EndGlobalSection
	GlobalSection(SolutionProperties) = preSolution
		HideSolutionNode = FALSE
	EndGlobalSection
	GlobalSection(ExtensibilityGlobals) = postSolution
		SolutionGuid = {4183B863-EBB1-45F2-B58F-4B296ED8638F}
	EndGlobalSection
EndGlobal
