
Microsoft Visual Studio Solution File, Format Version 12.00
# Visual Studio Version 17
VisualStudioVersion = 17.10.35004.147
MinimumVisualStudioVersion = 10.0.40219.1
Project("{54A90642-561A-4BB1-A94E-469ADEE60C69}") = "vueproject01", "vueproject01.esproj", "{0D2E19F5-7F26-40F4-8E8C-C8486E59A935}"
EndProject
Global
	GlobalSection(SolutionConfigurationPlatforms) = preSolution
		Debug|Any CPU = Debug|Any CPU
		Release|Any CPU = Release|Any CPU
	EndGlobalSection
	GlobalSection(ProjectConfigurationPlatforms) = postSolution
		{0D2E19F5-7F26-40F4-8E8C-C8486E59A935}.Debug|Any CPU.ActiveCfg = Debug|Any CPU
		{0D2E19F5-7F26-40F4-8E8C-C8486E59A935}.Debug|Any CPU.Build.0 = Debug|Any CPU
		{0D2E19F5-7F26-40F4-8E8C-C8486E59A935}.Debug|Any CPU.Deploy.0 = Debug|Any CPU
		{0D2E19F5-7F26-40F4-8E8C-C8486E59A935}.Release|Any CPU.ActiveCfg = Release|Any CPU
		{0D2E19F5-7F26-40F4-8E8C-C8486E59A935}.Release|Any CPU.Build.0 = Release|Any CPU
		{0D2E19F5-7F26-40F4-8E8C-C8486E59A935}.Release|Any CPU.Deploy.0 = Release|Any CPU
	EndGlobalSection
	GlobalSection(SolutionProperties) = preSolution
		HideSolutionNode = FALSE
	EndGlobalSection
	GlobalSection(ExtensibilityGlobals) = postSolution
		SolutionGuid = {59D8C48C-74A2-47E7-A06C-E07AC421A880}
	EndGlobalSection
EndGlobal
